# This file is automatically @generated by Cargo.
# It is not intended for manual editing.
version = 3

[[package]]
name = "objc-sys"
version = "0.3.2"
source = "registry+https://github.com/rust-lang/crates.io-index"
checksum = "c7c71324e4180d0899963fc83d9d241ac39e699609fc1025a850aadac8257459"

[[package]]
name = "objc2"
version = "0.5.0"
source = "registry+https://github.com/rust-lang/crates.io-index"
checksum = "9a9c7f0d511a4ce26b078183179dca908171cfc69f88986fe36c5138e1834476"
dependencies = [
 "objc-sys",
 "objc2-encode",
]

[[package]]
name = "objc2-encode"
version = "4.0.0"
source = "registry+https://github.com/rust-lang/crates.io-index"
checksum = "2ff06a6505cde0766484f38d8479ac8e6d31c66fbc2d5492f65ca8c091456379"

[[package]]
name = "test-cargo-careful-main_thread_checker"
version = "0.1.0"
dependencies = [
 "objc2",
]
